# This file was autogenerated by Stack.
# You should not edit this file by hand.
# For more information, please see the documentation at:
#   https://docs.haskellstack.org/en/stable/lock_files

packages:
- completed:
    hackage: megaparsec-7.0.5@sha256:45e1f1348fab2783646fdb4d9e6097568981a740951c7356d36d794e2baba305,3902
    pantry-tree:
      size: 1428
      sha256: 1f8baf6e07326f8c8a2dd31de6b2860427f158b0892c52ba5fe9ffeb6cd3bf7f
  original:
    hackage: megaparsec-7.0.5
- completed:
    hackage: megaparsec-tests-7.0.5@sha256:52de4ff454d15589d178f727080cf24a0916eedd6df4a81724e9dd584ada5ed5,3423
    pantry-tree:
      size: 1021
      sha256: 9be825825a33a2e8ed73bf08bfcc22472a58ba0204b4b9c00c6adf4a453a1636
  original:
    hackage: megaparsec-tests-7.0.5
- completed:
    hackage: QuickCheck-2.12.6.1@sha256:ce974f511174fbc3102bccb13d6d45781d327194f0311790b9f8db6a7cb1bab3,6336
    pantry-tree:
      size: 2046
      sha256: 1b9bf780a91762f07a63698d656234de0b68f5c8de760cc90153c01888730eb5
  original:
    hackage: QuickCheck-2.12.6.1
- completed:
    hackage: hspec-megaparsec-2.0.0@sha256:67653221904632172628877f6fa467f78ce6cf900ff63377fbbc911676701796,2497
    pantry-tree:
      size: 385
      sha256: 62fcf5e9bfb5d38119d7b4376e7aafd560d65200bf5cb727e98ce46ae8d8757b
  original:
    hackage: hspec-megaparsec-2.0.0
- completed:
    hackage: hspec-discover-2.6.1@sha256:c3cd149a4a53cd9c0a9c8149a72e10fba207570d8e81e94415a5baf9e61fefb1,2243
    pantry-tree:
      size: 1080
      sha256: 8c54388ed60c7fffbc42caa5ebf7fe814207ad727189caf9cdb1e975fd96bfd5
  original:
    hackage: hspec-discover-2.6.1
snapshots:
- completed:
    size: 500539
    url: https://raw.githubusercontent.com/commercialhaskell/stackage-snapshots/master/lts/13/27.yaml
    sha256: 690db832392afe55733b4c7023fd29b1b1c660ee42f1fb505b86b07394ca994e
  original: lts-13.27
